
Microsoft Visual Studio Solution File, Format Version 12.00
# Visual Studio Version 17
VisualStudioVersion = 17.10.35122.118
MinimumVisualStudioVersion = 10.0.40219.1
Project("{FAE04EC0-301F-11D3-BF4B-00C04F79EFBC}") = "WinFormsApp1", "WinFormsApp1.csproj", "{6AD6550D-096E-4668-87D6-C903442F5A52}"
EndProject
Global
	GlobalSection(SolutionConfigurationPlatforms) = preSolution
		Debug|Any CPU = Debug|Any CPU
		Release|Any CPU = Release|Any CPU
	EndGlobalSection
	GlobalSection(ProjectConfigurationPlatforms) = postSolution
		{6AD6550D-096E-4668-87D6-C903442F5A52}.Debug|Any CPU.ActiveCfg = Debug|Any CPU
		{6AD6550D-096E-4668-87D6-C903442F5A52}.Debug|Any CPU.Build.0 = Debug|Any CPU
		{6AD6550D-096E-4668-87D6-C903442F5A52}.Release|Any CPU.ActiveCfg = Release|Any CPU
		{6AD6550D-096E-4668-87D6-C903442F5A52}.Release|Any CPU.Build.0 = Release|Any CPU
	EndGlobalSection
	GlobalSection(SolutionProperties) = preSolution
		HideSolutionNode = FALSE
	EndGlobalSection
	GlobalSection(ExtensibilityGlobals) = postSolution
		SolutionGuid = {7F4766AD-2E1B-43FB-938B-9AF7854F6960}
	EndGlobalSection
EndGlobal
